
Microsoft Visual Studio Solution File, Format Version 12.00
# Visual Studio 15
VisualStudioVersion = 15.0.26430.15
MinimumVisualStudioVersion = 10.0.40219.1
Project("{9A19103F-16F7-4668-BE54-9A1E7A4F7556}") = "Collector.Common.RestApi.AspNet", "src\Collector.Common.RestApi.AspNet\Collector.Common.RestApi.AspNet.csproj", "{BD2F012D-CC2E-45CF-8D33-52AB06C315E3}"
EndProject
Project("{2150E333-8FDC-42A3-9474-1A3956D46DE8}") = "src", "src", "{778CCD47-A33F-43C5-B93C-E0EC293C3E53}"
EndProject
Global
	GlobalSection(SolutionConfigurationPlatforms) = preSolution
		Debug|Any CPU = Debug|Any CPU
		Release|Any CPU = Release|Any CPU
	EndGlobalSection
	GlobalSection(ProjectConfigurationPlatforms) = postSolution
		{BD2F012D-CC2E-45CF-8D33-52AB06C315E3}.Debug|Any CPU.ActiveCfg = Debug|Any CPU
		{BD2F012D-CC2E-45CF-8D33-52AB06C315E3}.Debug|Any CPU.Build.0 = Debug|Any CPU
		{BD2F012D-CC2E-45CF-8D33-52AB06C315E3}.Release|Any CPU.ActiveCfg = Release|Any CPU
		{BD2F012D-CC2E-45CF-8D33-52AB06C315E3}.Release|Any CPU.Build.0 = Release|Any CPU
	EndGlobalSection
	GlobalSection(SolutionProperties) = preSolution
		HideSolutionNode = FALSE
	EndGlobalSection
	GlobalSection(NestedProjects) = preSolution
		{BD2F012D-CC2E-45CF-8D33-52AB06C315E3} = {778CCD47-A33F-43C5-B93C-E0EC293C3E53}
	EndGlobalSection
EndGlobal
